
Microsoft Visual Studio Solution File, Format Version 12.00
# Visual Studio 15
VisualStudioVersion = 15.0.26124.0
MinimumVisualStudioVersion = 15.0.26124.0
Project("{FAE04EC0-301F-11D3-BF4B-00C04F79EFBC}") = "AdventOfCode2018", "AdventOfCode2018\AdventOfCode2018.csproj", "{9170F52A-7753-4D5E-8E56-B28343EA4658}"
EndProject
Project("{FAE04EC0-301F-11D3-BF4B-00C04F79EFBC}") = "AdventOfCode2018.Tests", "AdventOfCode2018.Tests\AdventOfCode2018.Tests.csproj", "{21C51605-E5FB-459A-994A-757C2650051F}"
EndProject
Global
	GlobalSection(SolutionConfigurationPlatforms) = preSolution
		Debug|Any CPU = Debug|Any CPU
		Debug|x64 = Debug|x64
		Debug|x86 = Debug|x86
		Release|Any CPU = Release|Any CPU
		Release|x64 = Release|x64
		Release|x86 = Release|x86
	EndGlobalSection
	GlobalSection(SolutionProperties) = preSolution
		HideSolutionNode = FALSE
	EndGlobalSection
	GlobalSection(ProjectConfigurationPlatforms) = postSolution
		{9170F52A-7753-4D5E-8E56-B28343EA4658}.Debug|Any CPU.ActiveCfg = Debug|Any CPU
		{9170F52A-7753-4D5E-8E56-B28343EA4658}.Debug|Any CPU.Build.0 = Debug|Any CPU
		{9170F52A-7753-4D5E-8E56-B28343EA4658}.Debug|x64.ActiveCfg = Debug|Any CPU
		{9170F52A-7753-4D5E-8E56-B28343EA4658}.Debug|x64.Build.0 = Debug|Any CPU
		{9170F52A-7753-4D5E-8E56-B28343EA4658}.Debug|x86.ActiveCfg = Debug|Any CPU
		{9170F52A-7753-4D5E-8E56-B28343EA4658}.Debug|x86.Build.0 = Debug|Any CPU
		{9170F52A-7753-4D5E-8E56-B28343EA4658}.Release|Any CPU.ActiveCfg = Release|Any CPU
		{9170F52A-7753-4D5E-8E56-B28343EA4658}.Release|Any CPU.Build.0 = Release|Any CPU
		{9170F52A-7753-4D5E-8E56-B28343EA4658}.Release|x64.ActiveCfg = Release|Any CPU
		{9170F52A-7753-4D5E-8E56-B28343EA4658}.Release|x64.Build.0 = Release|Any CPU
		{9170F52A-7753-4D5E-8E56-B28343EA4658}.Release|x86.ActiveCfg = Release|Any CPU
		{9170F52A-7753-4D5E-8E56-B28343EA4658}.Release|x86.Build.0 = Release|Any CPU
		{21C51605-E5FB-459A-994A-757C2650051F}.Debug|Any CPU.ActiveCfg = Debug|Any CPU
		{21C51605-E5FB-459A-994A-757C2650051F}.Debug|Any CPU.Build.0 = Debug|Any CPU
		{21C51605-E5FB-459A-994A-757C2650051F}.Debug|x64.ActiveCfg = Debug|Any CPU
		{21C51605-E5FB-459A-994A-757C2650051F}.Debug|x64.Build.0 = Debug|Any CPU
		{21C51605-E5FB-459A-994A-757C2650051F}.Debug|x86.ActiveCfg = Debug|Any CPU
		{21C51605-E5FB-459A-994A-757C2650051F}.Debug|x86.Build.0 = Debug|Any CPU
		{21C51605-E5FB-459A-994A-757C2650051F}.Release|Any CPU.ActiveCfg = Release|Any CPU
		{21C51605-E5FB-459A-994A-757C2650051F}.Release|Any CPU.Build.0 = Release|Any CPU
		{21C51605-E5FB-459A-994A-757C2650051F}.Release|x64.ActiveCfg = Release|Any CPU
		{21C51605-E5FB-459A-994A-757C2650051F}.Release|x64.Build.0 = Release|Any CPU
		{21C51605-E5FB-459A-994A-757C2650051F}.Release|x86.ActiveCfg = Release|Any CPU
		{21C51605-E5FB-459A-994A-757C2650051F}.Release|x86.Build.0 = Release|Any CPU
	EndGlobalSection
EndGlobal
